
Microsoft Visual Studio Solution File, Format Version 12.00
# Visual Studio Version 16
VisualStudioVersion = 16.0.29519.181
MinimumVisualStudioVersion = 10.0.40219.1
Project("{FAE04EC0-301F-11D3-BF4B-00C04F79EFBC}") = "WebBrowser.UI", "WebBrowser.UI\WebBrowser.UI.csproj", "{FEA7288C-5EDC-4644-A256-4E21DE192843}"
EndProject
Global
	GlobalSection(SolutionConfigurationPlatforms) = preSolution
		Debug|Any CPU = Debug|Any CPU
		Release|Any CPU = Release|Any CPU
	EndGlobalSection
	GlobalSection(ProjectConfigurationPlatforms) = postSolution
		{FEA7288C-5EDC-4644-A256-4E21DE192843}.Debug|Any CPU.ActiveCfg = Debug|Any CPU
		{FEA7288C-5EDC-4644-A256-4E21DE192843}.Debug|Any CPU.Build.0 = Debug|Any CPU
		{FEA7288C-5EDC-4644-A256-4E21DE192843}.Release|Any CPU.ActiveCfg = Release|Any CPU
		{FEA7288C-5EDC-4644-A256-4E21DE192843}.Release|Any CPU.Build.0 = Release|Any CPU
	EndGlobalSection
	GlobalSection(SolutionProperties) = preSolution
		HideSolutionNode = FALSE
	EndGlobalSection
	GlobalSection(ExtensibilityGlobals) = postSolution
		SolutionGuid = {6AC1FA15-DF27-43F6-A1C0-9EA6E3D4E0D0}
	EndGlobalSection
EndGlobal
